PODS:
  - GoogleMaps (2.4.0):
    - GoogleMaps/Maps (= 2.4.0)
  - GoogleMaps/Base (2.4.0)
  - GoogleMaps/Maps (2.4.0):
    - GoogleMaps/Base
  - Yoga (0.48.3.React)

DEPENDENCIES:
  - GoogleMaps
  - Yoga (from `../node_modules/react-native/ReactCommon/yoga/Yoga.podspec`)

EXTERNAL SOURCES:
  Yoga:
    :path: ../node_modules/react-native/ReactCommon/yoga/Yoga.podspec

SPEC CHECKSUMS:
  GoogleMaps: 8436ab5d1c25e36915b2f7416d0c8e3fa2e76c61
  Yoga: b3337798e426de90f48662cf0fe2ee1a844075e1

PODFILE CHECKSUM: 7e66fe51e538d85beefd5447090d46f59dc2564a

COCOAPODS: 1.3.1
